
Microsoft Visual Studio Solution File, Format Version 12.00
# Visual Studio Version 17
VisualStudioVersion = 17.3.32922.545
MinimumVisualStudioVersion = 10.0.40219.1
Project("{FAE04EC0-301F-11D3-BF4B-00C04F79EFBC}") = "ConsoleApp2", "ConsoleApp2\ConsoleApp2.csproj", "{CE9D0D26-4013-4C47-B9E4-BAA2FDCFB469}"
EndProject
Global
	GlobalSection(SolutionConfigurationPlatforms) = preSolution
		Debug|Any CPU = Debug|Any CPU
		Release|Any CPU = Release|Any CPU
	EndGlobalSection
	GlobalSection(ProjectConfigurationPlatforms) = postSolution
		{CE9D0D26-4013-4C47-B9E4-BAA2FDCFB469}.Debug|Any CPU.ActiveCfg = Debug|Any CPU
		{CE9D0D26-4013-4C47-B9E4-BAA2FDCFB469}.Debug|Any CPU.Build.0 = Debug|Any CPU
		{CE9D0D26-4013-4C47-B9E4-BAA2FDCFB469}.Release|Any CPU.ActiveCfg = Release|Any CPU
		{CE9D0D26-4013-4C47-B9E4-BAA2FDCFB469}.Release|Any CPU.Build.0 = Release|Any CPU
	EndGlobalSection
	GlobalSection(SolutionProperties) = preSolution
		HideSolutionNode = FALSE
	EndGlobalSection
	GlobalSection(ExtensibilityGlobals) = postSolution
		SolutionGuid = {A27C81C1-7396-4F92-B8AC-87E893380565}
	EndGlobalSection
EndGlobal
